
Microsoft Visual Studio Solution File, Format Version 12.00
# Visual Studio Version 16
VisualStudioVersion = 16.0.29418.71
MinimumVisualStudioVersion = 10.0.40219.1
Project("{2150E333-8FDC-42A3-9474-1A3956D46DE8}") = "1.Runtime", "1.Runtime", "{FE591374-8158-4A4C-AADF-651E921FC863}"
EndProject
Project("{2150E333-8FDC-42A3-9474-1A3956D46DE8}") = "0.Compiler", "0.Compiler", "{109398C7-F602-4218-B684-E3D98A967329}"
EndProject
Project("{2150E333-8FDC-42A3-9474-1A3956D46DE8}") = "2.Apps", "2.Apps", "{D8167A8D-02D6-47A3-987F-7F71A4681589}"
EndProject
Project("{8BC9CEB8-8B4A-11D0-8D11-00A0C91BC942}") = "00.ShaderGraph", "StarCompiler\ShaderGraph\ShaderGraph.vcxproj", "{CCDF6C8D-9EF1-4978-AFFB-4EE81DAF5B01}"
EndProject
Project("{8BC9CEB8-8B4A-11D0-8D11-00A0C91BC942}") = "01.ShaderWorks", "StarCompiler\ShaderWorks\ShaderWorks.vcxproj", "{925CA6A0-F6AE-49B5-BA96-F1F8811CFECF}"
EndProject
Project("{8BC9CEB8-8B4A-11D0-8D11-00A0C91BC942}") = "02.RenderGraph", "StarCompiler\RenderGraph\RenderGraph.vcxproj", "{7F334060-8167-4544-924A-754FDC48127E}"
EndProject
Project("{8BC9CEB8-8B4A-11D0-8D11-00A0C91BC942}") = "00.Core", "Star\Core\Core.vcxproj", "{3BF7271C-C30E-4FF8-84F2-5D5C8DF83E02}"
EndProject
Project("{8BC9CEB8-8B4A-11D0-8D11-00A0C91BC942}") = "03.Graphics", "Star\Graphics\Graphics.vcxproj", "{51704244-5FA2-4EBA-8F61-5D8C8EA54AAD}"
EndProject
Project("{8BC9CEB8-8B4A-11D0-8D11-00A0C91BC942}") = "02.Serialization", "Star\Serialization\Serialization.vcxproj", "{0B1D7885-C9C1-4EF5-AA3B-7F4D5263492D}"
EndProject
Project("{8BC9CEB8-8B4A-11D0-8D11-00A0C91BC942}") = "01.Log", "Star\Log\Log.vcxproj", "{249DE018-A0EE-4679-854F-90747A9AAD45}"
EndProject
Project("{8BC9CEB8-8B4A-11D0-8D11-00A0C91BC942}") = "00.UnityExamples", "Examples\UnityExamples\UnityExamples.vcxproj", "{218571C8-4C61-4BFF-844B-A803D5A7E249}"
EndProject
Project("{8BC9CEB8-8B4A-11D0-8D11-00A0C91BC942}") = "01.LuminousBuilder", "Examples\LuminousBuilder\LuminousBuilder.vcxproj", "{370ED691-2CCB-4C0D-A982-B6D5D782FFFE}"
EndProject
Project("{8BC9CEB8-8B4A-11D0-8D11-00A0C91BC942}") = "04.Engine.DX12", "Star\DX12Engine\DX12Engine.vcxproj", "{D5694EDD-D678-4648-9296-21433D2A60E3}"
EndProject
Project("{8BC9CEB8-8B4A-11D0-8D11-00A0C91BC942}") = "05.AssetFactory", "Star\AssetFactory\AssetFactory.vcxproj", "{421391DA-311C-4A21-8659-A380FFE47A4E}"
EndProject
Project("{8BC9CEB8-8B4A-11D0-8D11-00A0C91BC942}") = "02.LuminousDesktop", "Examples\LuminousDesktop\LuminousDesktop.vcxproj", "{86AB9885-626C-4FF7-8C21-078BA4588081}"
EndProject
Global
	GlobalSection(SolutionConfigurationPlatforms) = preSolution
		Debug|x64 = Debug|x64
		Debug|x86 = Debug|x86
		Development|x64 = Development|x64
		Development|x86 = Development|x86
		Release|x64 = Release|x64
		Release|x86 = Release|x86
	EndGlobalSection
	GlobalSection(ProjectConfigurationPlatforms) = postSolution
		{CCDF6C8D-9EF1-4978-AFFB-4EE81DAF5B01}.Debug|x64.ActiveCfg = Debug|x64
		{CCDF6C8D-9EF1-4978-AFFB-4EE81DAF5B01}.Debug|x64.Build.0 = Debug|x64
		{CCDF6C8D-9EF1-4978-AFFB-4EE81DAF5B01}.Debug|x86.ActiveCfg = Debug|Win32
		{CCDF6C8D-9EF1-4978-AFFB-4EE81DAF5B01}.Debug|x86.Build.0 = Debug|Win32
		{CCDF6C8D-9EF1-4978-AFFB-4EE81DAF5B01}.Development|x64.ActiveCfg = Development|x64
		{CCDF6C8D-9EF1-4978-AFFB-4EE81DAF5B01}.Development|x64.Build.0 = Development|x64
		{CCDF6C8D-9EF1-4978-AFFB-4EE81DAF5B01}.Development|x86.ActiveCfg = Development|Win32
		{CCDF6C8D-9EF1-4978-AFFB-4EE81DAF5B01}.Development|x86.Build.0 = Development|Win32
		{CCDF6C8D-9EF1-4978-AFFB-4EE81DAF5B01}.Release|x64.ActiveCfg = Release|x64
		{CCDF6C8D-9EF1-4978-AFFB-4EE81DAF5B01}.Release|x64.Build.0 = Release|x64
		{CCDF6C8D-9EF1-4978-AFFB-4EE81DAF5B01}.Release|x86.ActiveCfg = Release|Win32
		{CCDF6C8D-9EF1-4978-AFFB-4EE81DAF5B01}.Release|x86.Build.0 = Release|Win32
		{925CA6A0-F6AE-49B5-BA96-F1F8811CFECF}.Debug|x64.ActiveCfg = Debug|x64
		{925CA6A0-F6AE-49B5-BA96-F1F8811CFECF}.Debug|x64.Build.0 = Debug|x64
		{925CA6A0-F6AE-49B5-BA96-F1F8811CFECF}.Debug|x86.ActiveCfg = Debug|Win32
		{925CA6A0-F6AE-49B5-BA96-F1F8811CFECF}.Debug|x86.Build.0 = Debug|Win32
		{925CA6A0-F6AE-49B5-BA96-F1F8811CFECF}.Development|x64.ActiveCfg = Development|x64
		{925CA6A0-F6AE-49B5-BA96-F1F8811CFECF}.Development|x64.Build.0 = Development|x64
		{925CA6A0-F6AE-49B5-BA96-F1F8811CFECF}.Development|x86.ActiveCfg = Development|Win32
		{925CA6A0-F6AE-49B5-BA96-F1F8811CFECF}.Development|x86.Build.0 = Development|Win32
		{925CA6A0-F6AE-49B5-BA96-F1F8811CFECF}.Release|x64.ActiveCfg = Release|x64
		{925CA6A0-F6AE-49B5-BA96-F1F8811CFECF}.Release|x64.Build.0 = Release|x64
		{925CA6A0-F6AE-49B5-BA96-F1F8811CFECF}.Release|x86.ActiveCfg = Release|Win32
		{925CA6A0-F6AE-49B5-BA96-F1F8811CFECF}.Release|x86.Build.0 = Release|Win32
		{7F334060-8167-4544-924A-754FDC48127E}.Debug|x64.ActiveCfg = Debug|x64
		{7F334060-8167-4544-924A-754FDC48127E}.Debug|x64.Build.0 = Debug|x64
		{7F334060-8167-4544-924A-754FDC48127E}.Debug|x86.ActiveCfg = Debug|Win32
		{7F334060-8167-4544-924A-754FDC48127E}.Debug|x86.Build.0 = Debug|Win32
		{7F334060-8167-4544-924A-754FDC48127E}.Development|x64.ActiveCfg = Development|x64
		{7F334060-8167-4544-924A-754FDC48127E}.Development|x64.Build.0 = Development|x64
		{7F334060-8167-4544-924A-754FDC48127E}.Development|x86.ActiveCfg = Development|Win32
		{7F334060-8167-4544-924A-754FDC48127E}.Development|x86.Build.0 = Development|Win32
		{7F334060-8167-4544-924A-754FDC48127E}.Release|x64.ActiveCfg = Release|x64
		{7F334060-8167-4544-924A-754FDC48127E}.Release|x64.Build.0 = Release|x64
		{7F334060-8167-4544-924A-754FDC48127E}.Release|x86.ActiveCfg = Release|Win32
		{7F334060-8167-4544-924A-754FDC48127E}.Release|x86.Build.0 = Release|Win32
		{3BF7271C-C30E-4FF8-84F2-5D5C8DF83E02}.Debug|x64.ActiveCfg = Debug|x64
		{3BF7271C-C30E-4FF8-84F2-5D5C8DF83E02}.Debug|x64.Build.0 = Debug|x64
		{3BF7271C-C30E-4FF8-84F2-5D5C8DF83E02}.Debug|x86.ActiveCfg = Debug|Win32
		{3BF7271C-C30E-4FF8-84F2-5D5C8DF83E02}.Debug|x86.Build.0 = Debug|Win32
		{3BF7271C-C30E-4FF8-84F2-5D5C8DF83E02}.Development|x64.ActiveCfg = Development|x64
		{3BF7271C-C30E-4FF8-84F2-5D5C8DF83E02}.Development|x64.Build.0 = Development|x64
		{3BF7271C-C30E-4FF8-84F2-5D5C8DF83E02}.Development|x86.ActiveCfg = Development|Win32
		{3BF7271C-C30E-4FF8-84F2-5D5C8DF83E02}.Development|x86.Build.0 = Development|Win32
		{3BF7271C-C30E-4FF8-84F2-5D5C8DF83E02}.Release|x64.ActiveCfg = Release|x64
		{3BF7271C-C30E-4FF8-84F2-5D5C8DF83E02}.Release|x64.Build.0 = Release|x64
		{3BF7271C-C30E-4FF8-84F2-5D5C8DF83E02}.Release|x86.ActiveCfg = Release|Win32
		{3BF7271C-C30E-4FF8-84F2-5D5C8DF83E02}.Release|x86.Build.0 = Release|Win32
		{51704244-5FA2-4EBA-8F61-5D8C8EA54AAD}.Debug|x64.ActiveCfg = Debug|x64
		{51704244-5FA2-4EBA-8F61-5D8C8EA54AAD}.Debug|x64.Build.0 = Debug|x64
		{51704244-5FA2-4EBA-8F61-5D8C8EA54AAD}.Debug|x86.ActiveCfg = Debug|Win32
		{51704244-5FA2-4EBA-8F61-5D8C8EA54AAD}.Debug|x86.Build.0 = Debug|Win32
		{51704244-5FA2-4EBA-8F61-5D8C8EA54AAD}.Development|x64.ActiveCfg = Development|x64
		{51704244-5FA2-4EBA-8F61-5D8C8EA54AAD}.Development|x64.Build.0 = Development|x64
		{51704244-5FA2-4EBA-8F61-5D8C8EA54AAD}.Development|x86.ActiveCfg = Development|Win32
		{51704244-5FA2-4EBA-8F61-5D8C8EA54AAD}.Development|x86.Build.0 = Development|Win32
		{51704244-5FA2-4EBA-8F61-5D8C8EA54AAD}.Release|x64.ActiveCfg = Release|x64
		{51704244-5FA2-4EBA-8F61-5D8C8EA54AAD}.Release|x64.Build.0 = Release|x64
		{51704244-5FA2-4EBA-8F61-5D8C8EA54AAD}.Release|x86.ActiveCfg = Release|Win32
		{51704244-5FA2-4EBA-8F61-5D8C8EA54AAD}.Release|x86.Build.0 = Release|Win32
		{0B1D7885-C9C1-4EF5-AA3B-7F4D5263492D}.Debug|x64.ActiveCfg = Debug|x64
		{0B1D7885-C9C1-4EF5-AA3B-7F4D5263492D}.Debug|x64.Build.0 = Debug|x64
		{0B1D7885-C9C1-4EF5-AA3B-7F4D5263492D}.Debug|x86.ActiveCfg = Debug|Win32
		{0B1D7885-C9C1-4EF5-AA3B-7F4D5263492D}.Debug|x86.Build.0 = Debug|Win32
		{0B1D7885-C9C1-4EF5-AA3B-7F4D5263492D}.Development|x64.ActiveCfg = Development|x64
		{0B1D7885-C9C1-4EF5-AA3B-7F4D5263492D}.Development|x64.Build.0 = Development|x64
		{0B1D7885-C9C1-4EF5-AA3B-7F4D5263492D}.Development|x86.ActiveCfg = Development|Win32
		{0B1D7885-C9C1-4EF5-AA3B-7F4D5263492D}.Development|x86.Build.0 = Development|Win32
		{0B1D7885-C9C1-4EF5-AA3B-7F4D5263492D}.Release|x64.ActiveCfg = Release|x64
		{0B1D7885-C9C1-4EF5-AA3B-7F4D5263492D}.Release|x64.Build.0 = Release|x64
		{0B1D7885-C9C1-4EF5-AA3B-7F4D5263492D}.Release|x86.ActiveCfg = Release|Win32
		{0B1D7885-C9C1-4EF5-AA3B-7F4D5263492D}.Release|x86.Build.0 = Release|Win32
		{249DE018-A0EE-4679-854F-90747A9AAD45}.Debug|x64.ActiveCfg = Debug|x64
		{249DE018-A0EE-4679-854F-90747A9AAD45}.Debug|x64.Build.0 = Debug|x64
		{249DE018-A0EE-4679-854F-90747A9AAD45}.Debug|x86.ActiveCfg = Debug|Win32
		{249DE018-A0EE-4679-854F-90747A9AAD45}.Debug|x86.Build.0 = Debug|Win32
		{249DE018-A0EE-4679-854F-90747A9AAD45}.Development|x64.ActiveCfg = Development|x64
		{249DE018-A0EE-4679-854F-90747A9AAD45}.Development|x64.Build.0 = Development|x64
		{249DE018-A0EE-4679-854F-90747A9AAD45}.Development|x86.ActiveCfg = Development|Win32
		{249DE018-A0EE-4679-854F-90747A9AAD45}.Development|x86.Build.0 = Development|Win32
		{249DE018-A0EE-4679-854F-90747A9AAD45}.Release|x64.ActiveCfg = Release|x64
		{249DE018-A0EE-4679-854F-90747A9AAD45}.Release|x64.Build.0 = Release|x64
		{249DE018-A0EE-4679-854F-90747A9AAD45}.Release|x86.ActiveCfg = Release|Win32
		{249DE018-A0EE-4679-854F-90747A9AAD45}.Release|x86.Build.0 = Release|Win32
		{218571C8-4C61-4BFF-844B-A803D5A7E249}.Debug|x64.ActiveCfg = Debug|x64
		{218571C8-4C61-4BFF-844B-A803D5A7E249}.Debug|x64.Build.0 = Debug|x64
		{218571C8-4C61-4BFF-844B-A803D5A7E249}.Debug|x86.ActiveCfg = Debug|Win32
		{218571C8-4C61-4BFF-844B-A803D5A7E249}.Debug|x86.Build.0 = Debug|Win32
		{218571C8-4C61-4BFF-844B-A803D5A7E249}.Development|x64.ActiveCfg = Development|x64
		{218571C8-4C61-4BFF-844B-A803D5A7E249}.Development|x64.Build.0 = Development|x64
		{218571C8-4C61-4BFF-844B-A803D5A7E249}.Development|x86.ActiveCfg = Development|Win32
		{218571C8-4C61-4BFF-844B-A803D5A7E249}.Development|x86.Build.0 = Development|Win32
		{218571C8-4C61-4BFF-844B-A803D5A7E249}.Release|x64.ActiveCfg = Release|x64
		{218571C8-4C61-4BFF-844B-A803D5A7E249}.Release|x64.Build.0 = Release|x64
		{218571C8-4C61-4BFF-844B-A803D5A7E249}.Release|x86.ActiveCfg = Release|Win32
		{218571C8-4C61-4BFF-844B-A803D5A7E249}.Release|x86.Build.0 = Release|Win32
		{370ED691-2CCB-4C0D-A982-B6D5D782FFFE}.Debug|x64.ActiveCfg = Debug|x64
		{370ED691-2CCB-4C0D-A982-B6D5D782FFFE}.Debug|x64.Build.0 = Debug|x64
		{370ED691-2CCB-4C0D-A982-B6D5D782FFFE}.Debug|x86.ActiveCfg = Debug|Win32
		{370ED691-2CCB-4C0D-A982-B6D5D782FFFE}.Debug|x86.Build.0 = Debug|Win32
		{370ED691-2CCB-4C0D-A982-B6D5D782FFFE}.Development|x64.ActiveCfg = Development|x64
		{370ED691-2CCB-4C0D-A982-B6D5D782FFFE}.Development|x64.Build.0 = Development|x64
		{370ED691-2CCB-4C0D-A982-B6D5D782FFFE}.Development|x86.ActiveCfg = Development|Win32
		{370ED691-2CCB-4C0D-A982-B6D5D782FFFE}.Development|x86.Build.0 = Development|Win32
		{370ED691-2CCB-4C0D-A982-B6D5D782FFFE}.Release|x64.ActiveCfg = Release|x64
		{370ED691-2CCB-4C0D-A982-B6D5D782FFFE}.Release|x64.Build.0 = Release|x64
		{370ED691-2CCB-4C0D-A982-B6D5D782FFFE}.Release|x86.ActiveCfg = Release|Win32
		{370ED691-2CCB-4C0D-A982-B6D5D782FFFE}.Release|x86.Build.0 = Release|Win32
		{D5694EDD-D678-4648-9296-21433D2A60E3}.Debug|x64.ActiveCfg = Debug|x64
		{D5694EDD-D678-4648-9296-21433D2A60E3}.Debug|x64.Build.0 = Debug|x64
		{D5694EDD-D678-4648-9296-21433D2A60E3}.Debug|x86.ActiveCfg = Debug|Win32
		{D5694EDD-D678-4648-9296-21433D2A60E3}.Debug|x86.Build.0 = Debug|Win32
		{D5694EDD-D678-4648-9296-21433D2A60E3}.Development|x64.ActiveCfg = Development|x64
		{D5694EDD-D678-4648-9296-21433D2A60E3}.Development|x64.Build.0 = Development|x64
		{D5694EDD-D678-4648-9296-21433D2A60E3}.Development|x86.ActiveCfg = Development|Win32
		{D5694EDD-D678-4648-9296-21433D2A60E3}.Development|x86.Build.0 = Development|Win32
		{D5694EDD-D678-4648-9296-21433D2A60E3}.Release|x64.ActiveCfg = Release|x64
		{D5694EDD-D678-4648-9296-21433D2A60E3}.Release|x64.Build.0 = Release|x64
		{D5694EDD-D678-4648-9296-21433D2A60E3}.Release|x86.ActiveCfg = Release|Win32
		{D5694EDD-D678-4648-9296-21433D2A60E3}.Release|x86.Build.0 = Release|Win32
		{421391DA-311C-4A21-8659-A380FFE47A4E}.Debug|x64.ActiveCfg = Debug|x64
		{421391DA-311C-4A21-8659-A380FFE47A4E}.Debug|x64.Build.0 = Debug|x64
		{421391DA-311C-4A21-8659-A380FFE47A4E}.Debug|x86.ActiveCfg = Debug|Win32
		{421391DA-311C-4A21-8659-A380FFE47A4E}.Debug|x86.Build.0 = Debug|Win32
		{421391DA-311C-4A21-8659-A380FFE47A4E}.Development|x64.ActiveCfg = Development|x64
		{421391DA-311C-4A21-8659-A380FFE47A4E}.Development|x64.Build.0 = Development|x64
		{421391DA-311C-4A21-8659-A380FFE47A4E}.Development|x86.ActiveCfg = Development|Win32
		{421391DA-311C-4A21-8659-A380FFE47A4E}.Development|x86.Build.0 = Development|Win32
		{421391DA-311C-4A21-8659-A380FFE47A4E}.Release|x64.ActiveCfg = Release|x64
		{421391DA-311C-4A21-8659-A380FFE47A4E}.Release|x64.Build.0 = Release|x64
		{421391DA-311C-4A21-8659-A380FFE47A4E}.Release|x86.ActiveCfg = Release|Win32
		{421391DA-311C-4A21-8659-A380FFE47A4E}.Release|x86.Build.0 = Release|Win32
		{86AB9885-626C-4FF7-8C21-078BA4588081}.Debug|x64.ActiveCfg = Debug|x64
		{86AB9885-626C-4FF7-8C21-078BA4588081}.Debug|x64.Build.0 = Debug|x64
		{86AB9885-626C-4FF7-8C21-078BA4588081}.Debug|x86.ActiveCfg = Debug|Win32
		{86AB9885-626C-4FF7-8C21-078BA4588081}.Debug|x86.Build.0 = Debug|Win32
		{86AB9885-626C-4FF7-8C21-078BA4588081}.Development|x64.ActiveCfg = Development|x64
		{86AB9885-626C-4FF7-8C21-078BA4588081}.Development|x64.Build.0 = Development|x64
		{86AB9885-626C-4FF7-8C21-078BA4588081}.Development|x86.ActiveCfg = Development|Win32
		{86AB9885-626C-4FF7-8C21-078BA4588081}.Development|x86.Build.0 = Development|Win32
		{86AB9885-626C-4FF7-8C21-078BA4588081}.Release|x64.ActiveCfg = Release|x64
		{86AB9885-626C-4FF7-8C21-078BA4588081}.Release|x64.Build.0 = Release|x64
		{86AB9885-626C-4FF7-8C21-078BA4588081}.Release|x86.ActiveCfg = Release|Win32
		{86AB9885-626C-4FF7-8C21-078BA4588081}.Release|x86.Build.0 = Release|Win32
	EndGlobalSection
	GlobalSection(SolutionProperties) = preSolution
		HideSolutionNode = FALSE
	EndGlobalSection
	GlobalSection(NestedProjects) = preSolution
		{CCDF6C8D-9EF1-4978-AFFB-4EE81DAF5B01} = {109398C7-F602-4218-B684-E3D98A967329}
		{925CA6A0-F6AE-49B5-BA96-F1F8811CFECF} = {109398C7-F602-4218-B684-E3D98A967329}
		{7F334060-8167-4544-924A-754FDC48127E} = {109398C7-F602-4218-B684-E3D98A967329}
		{3BF7271C-C30E-4FF8-84F2-5D5C8DF83E02} = {FE591374-8158-4A4C-AADF-651E921FC863}
		{51704244-5FA2-4EBA-8F61-5D8C8EA54AAD} = {FE591374-8158-4A4C-AADF-651E921FC863}
		{0B1D7885-C9C1-4EF5-AA3B-7F4D5263492D} = {FE591374-8158-4A4C-AADF-651E921FC863}
		{249DE018-A0EE-4679-854F-90747A9AAD45} = {FE591374-8158-4A4C-AADF-651E921FC863}
		{218571C8-4C61-4BFF-844B-A803D5A7E249} = {D8167A8D-02D6-47A3-987F-7F71A4681589}
		{370ED691-2CCB-4C0D-A982-B6D5D782FFFE} = {D8167A8D-02D6-47A3-987F-7F71A4681589}
		{D5694EDD-D678-4648-9296-21433D2A60E3} = {FE591374-8158-4A4C-AADF-651E921FC863}
		{421391DA-311C-4A21-8659-A380FFE47A4E} = {FE591374-8158-4A4C-AADF-651E921FC863}
		{86AB9885-626C-4FF7-8C21-078BA4588081} = {D8167A8D-02D6-47A3-987F-7F71A4681589}
	EndGlobalSection
	GlobalSection(ExtensibilityGlobals) = postSolution
		SolutionGuid = {4BEDED41-26BF-4594-8A97-191C4C61F8A4}
	EndGlobalSection
EndGlobal
