<?xml version="1.0" encoding="utf-8"?>
<Project ToolsVersion="4.0" xmlns="http://schemas.microsoft.com/developer/msbuild/2003">
  <ItemGroup>
    <ClCompile Include="pch.cpp" />
    <ClCompile Include="SManagerFwd.cpp">
      <Filter>2.Manager</Filter>
    </ClCompile>
    <ClCompile Include="SManagerPrivate.cpp">
      <Filter>2.Manager</Filter>
    </ClCompile>
    <ClCompile Include="SResource.cpp">
      <Filter>2.Manager</Filter>
    </ClCompile>
    <ClCompile Include="SFetch.cpp">
      <Filter>2.Manager</Filter>
    </ClCompile>
    <ClCompile Include="SCoreTypes.cpp">
      <Filter>1.Types</Filter>
    </ClCompile>
    <ClCompile Include="SProducer.cpp">
      <Filter>2.Manager</Filter>
    </ClCompile>
    <ClCompile Include="SMetaID.cpp">
      <Filter>2.Manager</Filter>
    </ClCompile>
    <ClCompile Include="SResourceUtils.cpp">
      <Filter>2.Manager</Filter>
    </ClCompile>
  </ItemGroup>
  <ItemGroup>
    <ClInclude Include="pch.h" />
    <ClInclude Include="SConfig.h" />
    <ClInclude Include="SManagerFwd.h">
      <Filter>2.Manager</Filter>
    </ClInclude>
    <ClInclude Include="SManagerPrivate.h">
      <Filter>2.Manager</Filter>
    </ClInclude>
    <ClInclude Include="SResource.h">
      <Filter>2.Manager</Filter>
    </ClInclude>
    <ClInclude Include="SFetch.h">
      <Filter>2.Manager</Filter>
    </ClInclude>
    <ClInclude Include="..\PrecompiledHeaders\SCore.h">
      <Filter>3.PCH</Filter>
    </ClInclude>
    <ClInclude Include="..\PrecompiledHeaders\SCoreRuntime.h">
      <Filter>3.PCH</Filter>
    </ClInclude>
    <ClInclude Include="..\SMathFwd.h">
      <Filter>0.Common</Filter>
    </ClInclude>
    <ClInclude Include="SCoreFwd.h">
      <Filter>1.Types</Filter>
    </ClInclude>
    <ClInclude Include="SCoreSerialization.h">
      <Filter>1.Types</Filter>
    </ClInclude>
    <ClInclude Include="SCoreTypes.h">
      <Filter>1.Types</Filter>
    </ClInclude>
    <ClInclude Include="SProducer.h">
      <Filter>2.Manager</Filter>
    </ClInclude>
    <ClInclude Include="..\SMetaID.h">
      <Filter>0.Common</Filter>
    </ClInclude>
    <ClInclude Include="SMetaID.h">
      <Filter>2.Manager</Filter>
    </ClInclude>
    <ClInclude Include="..\SFlatMap.h">
      <Filter>0.Common</Filter>
    </ClInclude>
    <ClInclude Include="..\SWinRT.h">
      <Filter>0.Common</Filter>
    </ClInclude>
    <ClInclude Include="..\SLocale.h">
      <Filter>0.Common</Filter>
    </ClInclude>
    <ClInclude Include="..\SWinThread.h">
      <Filter>0.Common</Filter>
    </ClInclude>
    <ClInclude Include="..\SScopeExit.h">
      <Filter>0.Common</Filter>
    </ClInclude>
    <ClInclude Include="SResourceUtils.h">
      <Filter>2.Manager</Filter>
    </ClInclude>
    <ClInclude Include="..\SGeometry.h">
      <Filter>0.Common</Filter>
    </ClInclude>
    <ClInclude Include="..\SAlignedBuffer.h">
      <Filter>0.Common</Filter>
    </ClInclude>
  </ItemGroup>
  <ItemGroup>
    <Filter Include="0.Common">
      <UniqueIdentifier>{c0f99c9e-0834-423a-b747-6f9fde895bd6}</UniqueIdentifier>
    </Filter>
    <Filter Include="1.Types">
      <UniqueIdentifier>{30c3418b-ec6f-44a2-80a5-33c575b73011}</UniqueIdentifier>
    </Filter>
    <Filter Include="2.Manager">
      <UniqueIdentifier>{bba062f9-23e9-4b51-8aad-7ab368e9a89d}</UniqueIdentifier>
    </Filter>
    <Filter Include="3.PCH">
      <UniqueIdentifier>{5ac0da95-12aa-4f0b-9768-a15ff06dff63}</UniqueIdentifier>
    </Filter>
  </ItemGroup>
</Project>