<?xml version="1.0" encoding="utf-8"?>
<Project ToolsVersion="4.0" xmlns="http://schemas.microsoft.com/developer/msbuild/2003">
  <ItemGroup>
    <ClInclude Include="pch.h" />
    <ClInclude Include="SShaderRootSignature.h">
      <Filter>3.ShaderBinding</Filter>
    </ClInclude>
    <ClInclude Include="SShaderGroup.h">
      <Filter>3.ShaderBinding</Filter>
    </ClInclude>
    <ClInclude Include="SShaderDescriptor.h">
      <Filter>3.ShaderBinding</Filter>
    </ClInclude>
    <ClInclude Include="SShaderRegisters.h">
      <Filter>3.ShaderBinding</Filter>
    </ClInclude>
    <ClInclude Include="SShaderPass.h">
      <Filter>2.ShaderPrototype</Filter>
    </ClInclude>
    <ClInclude Include="SShaderProgram.h">
      <Filter>1.Program</Filter>
    </ClInclude>
    <ClInclude Include="SShaderGraph.h">
      <Filter>1.Program</Filter>
    </ClInclude>
    <ClInclude Include="SShaderAttribute.h">
      <Filter>1.Program</Filter>
    </ClInclude>
    <ClInclude Include="SShaderValue.h">
      <Filter>1.Program</Filter>
    </ClInclude>
    <ClInclude Include="SShaderStage.h">
      <Filter>1.Program</Filter>
    </ClInclude>
    <ClInclude Include="SShaderModule.h">
      <Filter>1.Program</Filter>
    </ClInclude>
    <ClInclude Include="SShaderPipeline.h">
      <Filter>2.ShaderPrototype</Filter>
    </ClInclude>
    <ClInclude Include="SShaderLevel.h">
      <Filter>2.ShaderPrototype</Filter>
    </ClInclude>
    <ClInclude Include="SShaderPrototype.h">
      <Filter>2.ShaderPrototype</Filter>
    </ClInclude>
    <ClInclude Include="SShaderVariant.h">
      <Filter>1.Program</Filter>
    </ClInclude>
    <ClInclude Include="SShaderTypes.h">
      <Filter>0.Types</Filter>
    </ClInclude>
    <ClInclude Include="SShaderNames.h">
      <Filter>0.Types</Filter>
    </ClInclude>
    <ClInclude Include="SShaderFwd.h">
      <Filter>0.Types</Filter>
    </ClInclude>
    <ClInclude Include="SShaderSemantics.h">
      <Filter>0.Types</Filter>
    </ClInclude>
    <ClInclude Include="SShaderDatabase.h">
      <Filter>2.ShaderPrototype</Filter>
    </ClInclude>
    <ClInclude Include="SShaderQueue.h">
      <Filter>2.ShaderPrototype</Filter>
    </ClInclude>
    <ClInclude Include="SShaderDSL.h" />
    <ClInclude Include="SShaderState.h">
      <Filter>1.Program</Filter>
    </ClInclude>
    <ClInclude Include="SShaderGroups.h">
      <Filter>3.ShaderBinding</Filter>
    </ClInclude>
    <ClInclude Include="SShaderSolution.h">
      <Filter>2.ShaderPrototype</Filter>
    </ClInclude>
    <ClInclude Include="SShaderModules.h">
      <Filter>1.Program</Filter>
    </ClInclude>
  </ItemGroup>
  <ItemGroup>
    <ClCompile Include="pch.cpp" />
    <ClCompile Include="SShaderRootSignature.cpp">
      <Filter>3.ShaderBinding</Filter>
    </ClCompile>
    <ClCompile Include="SShaderGroup.cpp">
      <Filter>3.ShaderBinding</Filter>
    </ClCompile>
    <ClCompile Include="SShaderRegisters.cpp">
      <Filter>3.ShaderBinding</Filter>
    </ClCompile>
    <ClCompile Include="SShaderDescriptor.cpp">
      <Filter>3.ShaderBinding</Filter>
    </ClCompile>
    <ClCompile Include="SShaderPass.cpp">
      <Filter>2.ShaderPrototype</Filter>
    </ClCompile>
    <ClCompile Include="SShaderProgram.cpp">
      <Filter>1.Program</Filter>
    </ClCompile>
    <ClCompile Include="SShaderGraph.cpp">
      <Filter>1.Program</Filter>
    </ClCompile>
    <ClCompile Include="SShaderAttribute.cpp">
      <Filter>1.Program</Filter>
    </ClCompile>
    <ClCompile Include="SShaderValue.cpp">
      <Filter>1.Program</Filter>
    </ClCompile>
    <ClCompile Include="SShaderStage.cpp">
      <Filter>1.Program</Filter>
    </ClCompile>
    <ClCompile Include="SShaderModule.cpp">
      <Filter>1.Program</Filter>
    </ClCompile>
    <ClCompile Include="SShaderPipeline.cpp">
      <Filter>2.ShaderPrototype</Filter>
    </ClCompile>
    <ClCompile Include="SShaderLevel.cpp">
      <Filter>2.ShaderPrototype</Filter>
    </ClCompile>
    <ClCompile Include="SShaderPrototype.cpp">
      <Filter>2.ShaderPrototype</Filter>
    </ClCompile>
    <ClCompile Include="SShaderVariant.cpp">
      <Filter>1.Program</Filter>
    </ClCompile>
    <ClCompile Include="SShaderDatabase.cpp">
      <Filter>2.ShaderPrototype</Filter>
    </ClCompile>
    <ClCompile Include="SShaderQueue.cpp">
      <Filter>2.ShaderPrototype</Filter>
    </ClCompile>
    <ClCompile Include="SShaderState.cpp">
      <Filter>1.Program</Filter>
    </ClCompile>
    <ClCompile Include="SShaderGroups.cpp">
      <Filter>3.ShaderBinding</Filter>
    </ClCompile>
    <ClCompile Include="SShaderSolution.cpp">
      <Filter>2.ShaderPrototype</Filter>
    </ClCompile>
    <ClCompile Include="SShaderModules.cpp">
      <Filter>1.Program</Filter>
    </ClCompile>
  </ItemGroup>
  <ItemGroup>
    <Filter Include="3.ShaderBinding">
      <UniqueIdentifier>{332e2369-7887-42fb-8320-4af17153303e}</UniqueIdentifier>
    </Filter>
    <Filter Include="2.ShaderPrototype">
      <UniqueIdentifier>{ddf45aa6-1b25-4c32-a5f7-16c69fcd9cd6}</UniqueIdentifier>
    </Filter>
    <Filter Include="1.Program">
      <UniqueIdentifier>{733a28c1-77f5-4518-bc6a-e8445c92a33b}</UniqueIdentifier>
    </Filter>
    <Filter Include="0.Types">
      <UniqueIdentifier>{9805796c-11d9-45ee-8779-f72d83b05e8d}</UniqueIdentifier>
    </Filter>
  </ItemGroup>
</Project>